// !$*UTF8*$!
{
	archiveVersion = 1;
	classes = {
	};
	objectVersion = 77;
	objects = {

/* Begin PBXBuildFile section */
		772E17FD2DFD7426008D8DF1 /* Swinject in Frameworks */ = {isa = PBXBuildFile; productRef = 772E17FC2DFD7426008D8DF1 /* Swinject */; };
		776BB5AB2DCCAB8300C4B228 /* Lottie in Frameworks */ = {isa = PBXBuildFile; productRef = 776BB5AA2DCCAB8300C4B228 /* Lottie */; };
		776BB5B32DCCAD5100C4B228 /* FirebaseAnalytics in Frameworks */ = {isa = PBXBuildFile; productRef = 776BB5B22DCCAD5100C4B228 /* FirebaseAnalytics */; };
		776BB5B52DCCAD5100C4B228 /* FirebaseAuth in Frameworks */ = {isa = PBXBuildFile; productRef = 776BB5B42DCCAD5100C4B228 /* FirebaseAuth */; };
		776BB5B72DCCAD5100C4B228 /* FirebaseCore in Frameworks */ = {isa = PBXBuildFile; productRef = 776BB5B62DCCAD5100C4B228 /* FirebaseCore */; };
		776BB5B92DCCAD5100C4B228 /* FirebaseCrashlytics in Frameworks */ = {isa = PBXBuildFile; productRef = 776BB5B82DCCAD5100C4B228 /* FirebaseCrashlytics */; };
		776BB5BB2DCCAD5100C4B228 /* FirebaseMessaging in Frameworks */ = {isa = PBXBuildFile; productRef = 776BB5BA2DCCAD5100C4B228 /* FirebaseMessaging */; };
		776BB5BD2DCCAD5100C4B228 /* FirebaseRemoteConfig in Frameworks */ = {isa = PBXBuildFile; productRef = 776BB5BC2DCCAD5100C4B228 /* FirebaseRemoteConfig */; };
		776BB5C72DCCB05300C4B228 /* GRDB in Frameworks */ = {isa = PBXBuildFile; productRef = 776BB5C62DCCB05300C4B228 /* GRDB */; };
		779EB2EF2DCB7AFD0005E03F /* ConCurrencyCore in Frameworks */ = {isa = PBXBuildFile; productRef = 779EB2EE2DCB7AFD0005E03F /* ConCurrencyCore */; };
/* End PBXBuildFile section */

/* Begin PBXFileReference section */
		779EB2A42DCB72A40005E03F /* HalfActive.app */ = {isa = PBXFileReference; explicitFileType = wrapper.application; includeInIndex = 0; path = HalfActive.app; sourceTree = BUILT_PRODUCTS_DIR; };
/* End PBXFileReference section */

/* Begin PBXFileSystemSynchronizedBuildFileExceptionSet section */
		779EB2B72DCB72CA0005E03F /* Exceptions for "HalfActive" folder in "HalfActive" target */ = {
			isa = PBXFileSystemSynchronizedBuildFileExceptionSet;
			membershipExceptions = (
				SPM/ConCurrencyCore,
			);
			target = 779EB2A32DCB72A40005E03F /* HalfActive */;
		};
/* End PBXFileSystemSynchronizedBuildFileExceptionSet section */

/* Begin PBXFileSystemSynchronizedRootGroup section */
		778049E22DFEB687008B2750 /* HalfActiveTests */ = {
			isa = PBXFileSystemSynchronizedRootGroup;
			path = HalfActiveTests;
			sourceTree = "<group>";
		};
		779EB2A62DCB72A40005E03F /* HalfActive */ = {
			isa = PBXFileSystemSynchronizedRootGroup;
			exceptions = (
				779EB2B72DCB72CA0005E03F /* Exceptions for "HalfActive" folder in "HalfActive" target */,
			);
			path = HalfActive;
			sourceTree = "<group>";
		};
/* End PBXFileSystemSynchronizedRootGroup section */

/* Begin PBXFrameworksBuildPhase section */
		779EB2A12DCB72A40005E03F /* Frameworks */ = {
			isa = PBXFrameworksBuildPhase;
			buildActionMask = 2147483647;
			files = (
				776BB5C72DCCB05300C4B228 /* GRDB in Frameworks */,
				772E17FD2DFD7426008D8DF1 /* Swinject in Frameworks */,
				776BB5BB2DCCAD5100C4B228 /* FirebaseMessaging in Frameworks */,
				776BB5B52DCCAD5100C4B228 /* FirebaseAuth in Frameworks */,
				779EB2EF2DCB7AFD0005E03F /* ConCurrencyCore in Frameworks */,
				776BB5B72DCCAD5100C4B228 /* FirebaseCore in Frameworks */,
				776BB5B92DCCAD5100C4B228 /* FirebaseCrashlytics in Frameworks */,
				776BB5B32DCCAD5100C4B228 /* FirebaseAnalytics in Frameworks */,
				776BB5AB2DCCAB8300C4B228 /* Lottie in Frameworks */,
				776BB5BD2DCCAD5100C4B228 /* FirebaseRemoteConfig in Frameworks */,
			);
			runOnlyForDeploymentPostprocessing = 0;
		};
/* End PBXFrameworksBuildPhase section */

/* Begin PBXGroup section */
		779EB29B2DCB72A40005E03F = {
			isa = PBXGroup;
			children = (
				779EB2A62DCB72A40005E03F /* HalfActive */,
				779EB2ED2DCB7AFD0005E03F /* Frameworks */,
				779EB2A52DCB72A40005E03F /* Products */,
			);
			sourceTree = "<group>";
		};
		779EB2A52DCB72A40005E03F /* Products */ = {
			isa = PBXGroup;
			children = (
				779EB2A42DCB72A40005E03F /* HalfActive.app */,
			);
			name = Products;
			sourceTree = "<group>";
		};
		779EB2ED2DCB7AFD0005E03F /* Frameworks */ = {
			isa = PBXGroup;
			children = (
				778049E22DFEB687008B2750 /* HalfActiveTests */,
			);
			name = Frameworks;
			sourceTree = "<group>";
		};
/* End PBXGroup section */

/* Begin PBXNativeTarget section */
		779EB2A32DCB72A40005E03F /* HalfActive */ = {
			isa = PBXNativeTarget;
			buildConfigurationList = 779EB2B22DCB72A50005E03F /* Build configuration list for PBXNativeTarget "HalfActive" */;
			buildPhases = (
				779EB2A02DCB72A40005E03F /* Sources */,
				779EB2A12DCB72A40005E03F /* Frameworks */,
				779EB2A22DCB72A40005E03F /* Resources */,
			);
			buildRules = (
			);
			dependencies = (
			);
			fileSystemSynchronizedGroups = (
				778049E22DFEB687008B2750 /* HalfActiveTests */,
				779EB2A62DCB72A40005E03F /* HalfActive */,
			);
			name = HalfActive;
			packageProductDependencies = (
				779EB2EE2DCB7AFD0005E03F /* ConCurrencyCore */,
				776BB5AA2DCCAB8300C4B228 /* Lottie */,
				776BB5B22DCCAD5100C4B228 /* FirebaseAnalytics */,
				776BB5B42DCCAD5100C4B228 /* FirebaseAuth */,
				776BB5B62DCCAD5100C4B228 /* FirebaseCore */,
				776BB5B82DCCAD5100C4B228 /* FirebaseCrashlytics */,
				776BB5BA2DCCAD5100C4B228 /* FirebaseMessaging */,
				776BB5BC2DCCAD5100C4B228 /* FirebaseRemoteConfig */,
				776BB5C62DCCB05300C4B228 /* GRDB */,
				772E17FC2DFD7426008D8DF1 /* Swinject */,
			);
			productName = HalfActive;
			productReference = 779EB2A42DCB72A40005E03F /* HalfActive.app */;
			productType = "com.apple.product-type.application";
		};
/* End PBXNativeTarget section */

/* Begin PBXProject section */
		779EB29C2DCB72A40005E03F /* Project object */ = {
			isa = PBXProject;
			attributes = {
				BuildIndependentTargetsInParallel = 1;
				LastSwiftUpdateCheck = 1600;
				LastUpgradeCheck = 1600;
				TargetAttributes = {
					779EB2A32DCB72A40005E03F = {
						CreatedOnToolsVersion = 16.0;
					};
				};
			};
			buildConfigurationList = 779EB29F2DCB72A40005E03F /* Build configuration list for PBXProject "HalfActive" */;
			developmentRegion = en;
			hasScannedForEncodings = 0;
			knownRegions = (
				en,
				Base,
			);
			mainGroup = 779EB29B2DCB72A40005E03F;
			minimizedProjectReferenceProxies = 1;
			packageReferences = (
				776BB5A92DCCAB8300C4B228 /* XCRemoteSwiftPackageReference "lottie-spm" */,
				776BB5B12DCCAD5100C4B228 /* XCRemoteSwiftPackageReference "firebase-ios-sdk" */,
				776BB5C52DCCB05300C4B228 /* XCRemoteSwiftPackageReference "GRDB" */,
				772E17FB2DFD7426008D8DF1 /* XCRemoteSwiftPackageReference "Swinject" */,
			);
			preferredProjectObjectVersion = 77;
			productRefGroup = 779EB2A52DCB72A40005E03F /* Products */;
			projectDirPath = "";
			projectRoot = "";
			targets = (
				779EB2A32DCB72A40005E03F /* HalfActive */,
			);
		};
/* End PBXProject section */

/* Begin PBXResourcesBuildPhase section */
		779EB2A22DCB72A40005E03F /* Resources */ = {
			isa = PBXResourcesBuildPhase;
			buildActionMask = 2147483647;
			files = (
			);
			runOnlyForDeploymentPostprocessing = 0;
		};
/* End PBXResourcesBuildPhase section */

/* Begin PBXSourcesBuildPhase section */
		779EB2A02DCB72A40005E03F /* Sources */ = {
			isa = PBXSourcesBuildPhase;
			buildActionMask = 2147483647;
			files = (
			);
			runOnlyForDeploymentPostprocessing = 0;
		};
/* End PBXSourcesBuildPhase section */

/* Begin XCBuildConfiguration section */
		779EB2B02DCB72A50005E03F /* Debug */ = {
			isa = XCBuildConfiguration;
			buildSettings = {
				ALWAYS_SEARCH_USER_PATHS = NO;
				ASSETCATALOG_COMPILER_GENERATE_SWIFT_ASSET_SYMBOL_EXTENSIONS = YES;
				CLANG_ANALYZER_NONNULL = YES;
				CLANG_ANALYZER_NUMBER_OBJECT_CONVERSION = YES_AGGRESSIVE;
				CLANG_CXX_LANGUAGE_STANDARD = "gnu++20";
				CLANG_ENABLE_MODULES = YES;
				CLANG_ENABLE_OBJC_ARC = YES;
				CLANG_ENABLE_OBJC_WEAK = YES;
				CLANG_WARN_BLOCK_CAPTURE_AUTORELEASING = YES;
				CLANG_WARN_BOOL_CONVERSION = YES;
				CLANG_WARN_COMMA = YES;
				CLANG_WARN_CONSTANT_CONVERSION = YES;
				CLANG_WARN_DEPRECATED_OBJC_IMPLEMENTATIONS = YES;
				CLANG_WARN_DIRECT_OBJC_ISA_USAGE = YES_ERROR;
				CLANG_WARN_DOCUMENTATION_COMMENTS = YES;
				CLANG_WARN_EMPTY_BODY = YES;
				CLANG_WARN_ENUM_CONVERSION = YES;
				CLANG_WARN_INFINITE_RECURSION = YES;
				CLANG_WARN_INT_CONVERSION = YES;
				CLANG_WARN_NON_LITERAL_NULL_CONVERSION = YES;
				CLANG_WARN_OBJC_IMPLICIT_RETAIN_SELF = YES;
				CLANG_WARN_OBJC_LITERAL_CONVERSION = YES;
				CLANG_WARN_OBJC_ROOT_CLASS = YES_ERROR;
				CLANG_WARN_QUOTED_INCLUDE_IN_FRAMEWORK_HEADER = YES;
				CLANG_WARN_RANGE_LOOP_ANALYSIS = YES;
				CLANG_WARN_STRICT_PROTOTYPES = YES;
				CLANG_WARN_SUSPICIOUS_MOVE = YES;
				CLANG_WARN_UNGUARDED_AVAILABILITY = YES_AGGRESSIVE;
				CLANG_WARN_UNREACHABLE_CODE = YES;
				CLANG_WARN__DUPLICATE_METHOD_MATCH = YES;
				COPY_PHASE_STRIP = NO;
				DEBUG_INFORMATION_FORMAT = dwarf;
				ENABLE_STRICT_OBJC_MSGSEND = YES;
				ENABLE_TESTABILITY = YES;
				ENABLE_USER_SCRIPT_SANDBOXING = YES;
				GCC_C_LANGUAGE_STANDARD = gnu17;
				GCC_DYNAMIC_NO_PIC = NO;
				GCC_NO_COMMON_BLOCKS = YES;
				GCC_OPTIMIZATION_LEVEL = 0;
				GCC_PREPROCESSOR_DEFINITIONS = (
					"DEBUG=1",
					"$(inherited)",
				);
				GCC_WARN_64_TO_32_BIT_CONVERSION = YES;
				GCC_WARN_ABOUT_RETURN_TYPE = YES_ERROR;
				GCC_WARN_UNDECLARED_SELECTOR = YES;
				GCC_WARN_UNINITIALIZED_AUTOS = YES_AGGRESSIVE;
				GCC_WARN_UNUSED_FUNCTION = YES;
				GCC_WARN_UNUSED_VARIABLE = YES;
				IPHONEOS_DEPLOYMENT_TARGET = 18.0;
				LOCALIZATION_PREFERS_STRING_CATALOGS = YES;
				MTL_ENABLE_DEBUG_INFO = INCLUDE_SOURCE;
				MTL_FAST_MATH = YES;
				ONLY_ACTIVE_ARCH = YES;
				SDKROOT = iphoneos;
				SWIFT_ACTIVE_COMPILATION_CONDITIONS = "DEBUG $(inherited)";
				SWIFT_OPTIMIZATION_LEVEL = "-Onone";
			};
			name = Debug;
		};
		779EB2B12DCB72A50005E03F /* Release */ = {
			isa = XCBuildConfiguration;
			buildSettings = {
				ALWAYS_SEARCH_USER_PATHS = NO;
				ASSETCATALOG_COMPILER_GENERATE_SWIFT_ASSET_SYMBOL_EXTENSIONS = YES;
				CLANG_ANALYZER_NONNULL = YES;
				CLANG_ANALYZER_NUMBER_OBJECT_CONVERSION = YES_AGGRESSIVE;
				CLANG_CXX_LANGUAGE_STANDARD = "gnu++20";
				CLANG_ENABLE_MODULES = YES;
				CLANG_ENABLE_OBJC_ARC = YES;
				CLANG_ENABLE_OBJC_WEAK = YES;
				CLANG_WARN_BLOCK_CAPTURE_AUTORELEASING = YES;
				CLANG_WARN_BOOL_CONVERSION = YES;
				CLANG_WARN_COMMA = YES;
				CLANG_WARN_CONSTANT_CONVERSION = YES;
				CLANG_WARN_DEPRECATED_OBJC_IMPLEMENTATIONS = YES;
				CLANG_WARN_DIRECT_OBJC_ISA_USAGE = YES_ERROR;
				CLANG_WARN_DOCUMENTATION_COMMENTS = YES;
				CLANG_WARN_EMPTY_BODY = YES;
				CLANG_WARN_ENUM_CONVERSION = YES;
				CLANG_WARN_INFINITE_RECURSION = YES;
				CLANG_WARN_INT_CONVERSION = YES;
				CLANG_WARN_NON_LITERAL_NULL_CONVERSION = YES;
				CLANG_WARN_OBJC_IMPLICIT_RETAIN_SELF = YES;
				CLANG_WARN_OBJC_LITERAL_CONVERSION = YES;
				CLANG_WARN_OBJC_ROOT_CLASS = YES_ERROR;
				CLANG_WARN_QUOTED_INCLUDE_IN_FRAMEWORK_HEADER = YES;
				CLANG_WARN_RANGE_LOOP_ANALYSIS = YES;
				CLANG_WARN_STRICT_PROTOTYPES = YES;
				CLANG_WARN_SUSPICIOUS_MOVE = YES;
				CLANG_WARN_UNGUARDED_AVAILABILITY = YES_AGGRESSIVE;
				CLANG_WARN_UNREACHABLE_CODE = YES;
				CLANG_WARN__DUPLICATE_METHOD_MATCH = YES;
				COPY_PHASE_STRIP = NO;
				DEBUG_INFORMATION_FORMAT = "dwarf-with-dsym";
				ENABLE_NS_ASSERTIONS = NO;
				ENABLE_STRICT_OBJC_MSGSEND = YES;
				ENABLE_USER_SCRIPT_SANDBOXING = YES;
				GCC_C_LANGUAGE_STANDARD = gnu17;
				GCC_NO_COMMON_BLOCKS = YES;
				GCC_WARN_64_TO_32_BIT_CONVERSION = YES;
				GCC_WARN_ABOUT_RETURN_TYPE = YES_ERROR;
				GCC_WARN_UNDECLARED_SELECTOR = YES;
				GCC_WARN_UNINITIALIZED_AUTOS = YES_AGGRESSIVE;
				GCC_WARN_UNUSED_FUNCTION = YES;
				GCC_WARN_UNUSED_VARIABLE = YES;
				IPHONEOS_DEPLOYMENT_TARGET = 18.0;
				LOCALIZATION_PREFERS_STRING_CATALOGS = YES;
				MTL_ENABLE_DEBUG_INFO = NO;
				MTL_FAST_MATH = YES;
				SDKROOT = iphoneos;
				SWIFT_COMPILATION_MODE = wholemodule;
				VALIDATE_PRODUCT = YES;
			};
			name = Release;
		};
		779EB2B32DCB72A50005E03F /* Debug */ = {
			isa = XCBuildConfiguration;
			buildSettings = {
				ASSETCATALOG_COMPILER_APPICON_NAME = AppIcon;
				ASSETCATALOG_COMPILER_GLOBAL_ACCENT_COLOR_NAME = AccentColor;
				CODE_SIGN_STYLE = Automatic;
				CURRENT_PROJECT_VERSION = 1;
				DEVELOPMENT_ASSET_PATHS = "\"HalfActive/Preview Content\"";
				DEVELOPMENT_TEAM = 9F94YLNW6S;
				ENABLE_PREVIEWS = YES;
				GENERATE_INFOPLIST_FILE = YES;
				INFOPLIST_KEY_UIApplicationSceneManifest_Generation = YES;
				INFOPLIST_KEY_UIApplicationSupportsIndirectInputEvents = YES;
				INFOPLIST_KEY_UILaunchScreen_Generation = YES;
				INFOPLIST_KEY_UISupportedInterfaceOrientations = UIInterfaceOrientationPortrait;
				INFOPLIST_KEY_UISupportedInterfaceOrientations_iPad = "UIInterfaceOrientationLandscapeLeft UIInterfaceOrientationLandscapeRight UIInterfaceOrientationPortrait UIInterfaceOrientationPortraitUpsideDown";
				LD_RUNPATH_SEARCH_PATHS = (
					"$(inherited)",
					"@executable_path/Frameworks",
				);
				MARKETING_VERSION = 1.0;
				PRODUCT_BUNDLE_IDENTIFIER = HalfPolygon.HalfActive;
				PRODUCT_NAME = "$(TARGET_NAME)";
				SUPPORTED_PLATFORMS = "iphoneos iphonesimulator";
				SUPPORTS_MACCATALYST = NO;
				SUPPORTS_MAC_DESIGNED_FOR_IPHONE_IPAD = NO;
				SUPPORTS_XR_DESIGNED_FOR_IPHONE_IPAD = NO;
				SWIFT_EMIT_LOC_STRINGS = YES;
				SWIFT_VERSION = 5.0;
				TARGETED_DEVICE_FAMILY = "1,2";
			};
			name = Debug;
		};
		779EB2B42DCB72A50005E03F /* Release */ = {
			isa = XCBuildConfiguration;
			buildSettings = {
				ASSETCATALOG_COMPILER_APPICON_NAME = AppIcon;
				ASSETCATALOG_COMPILER_GLOBAL_ACCENT_COLOR_NAME = AccentColor;
				CODE_SIGN_STYLE = Automatic;
				CURRENT_PROJECT_VERSION = 1;
				DEVELOPMENT_ASSET_PATHS = "\"HalfActive/Preview Content\"";
				DEVELOPMENT_TEAM = 9F94YLNW6S;
				ENABLE_PREVIEWS = YES;
				GENERATE_INFOPLIST_FILE = YES;
				INFOPLIST_KEY_UIApplicationSceneManifest_Generation = YES;
				INFOPLIST_KEY_UIApplicationSupportsIndirectInputEvents = YES;
				INFOPLIST_KEY_UILaunchScreen_Generation = YES;
				INFOPLIST_KEY_UISupportedInterfaceOrientations = UIInterfaceOrientationPortrait;
				INFOPLIST_KEY_UISupportedInterfaceOrientations_iPad = "UIInterfaceOrientationLandscapeLeft UIInterfaceOrientationLandscapeRight UIInterfaceOrientationPortrait UIInterfaceOrientationPortraitUpsideDown";
				LD_RUNPATH_SEARCH_PATHS = (
					"$(inherited)",
					"@executable_path/Frameworks",
				);
				MARKETING_VERSION = 1.0;
				PRODUCT_BUNDLE_IDENTIFIER = HalfPolygon.HalfActive;
				PRODUCT_NAME = "$(TARGET_NAME)";
				SUPPORTED_PLATFORMS = "iphoneos iphonesimulator";
				SUPPORTS_MACCATALYST = NO;
				SUPPORTS_MAC_DESIGNED_FOR_IPHONE_IPAD = NO;
				SUPPORTS_XR_DESIGNED_FOR_IPHONE_IPAD = NO;
				SWIFT_EMIT_LOC_STRINGS = YES;
				SWIFT_VERSION = 5.0;
				TARGETED_DEVICE_FAMILY = "1,2";
			};
			name = Release;
		};
/* End XCBuildConfiguration section */

/* Begin XCConfigurationList section */
		779EB29F2DCB72A40005E03F /* Build configuration list for PBXProject "HalfActive" */ = {
			isa = XCConfigurationList;
			buildConfigurations = (
				779EB2B02DCB72A50005E03F /* Debug */,
				779EB2B12DCB72A50005E03F /* Release */,
			);
			defaultConfigurationIsVisible = 0;
			defaultConfigurationName = Release;
		};
		779EB2B22DCB72A50005E03F /* Build configuration list for PBXNativeTarget "HalfActive" */ = {
			isa = XCConfigurationList;
			buildConfigurations = (
				779EB2B32DCB72A50005E03F /* Debug */,
				779EB2B42DCB72A50005E03F /* Release */,
			);
			defaultConfigurationIsVisible = 0;
			defaultConfigurationName = Release;
		};
/* End XCConfigurationList section */

/* Begin XCRemoteSwiftPackageReference section */
		772E17FB2DFD7426008D8DF1 /* XCRemoteSwiftPackageReference "Swinject" */ = {
			isa = XCRemoteSwiftPackageReference;
			repositoryURL = "https://github.com/Swinject/Swinject.git";
			requirement = {
				kind = upToNextMajorVersion;
				minimumVersion = 2.9.1;
			};
		};
		776BB5A92DCCAB8300C4B228 /* XCRemoteSwiftPackageReference "lottie-spm" */ = {
			isa = XCRemoteSwiftPackageReference;
			repositoryURL = "https://github.com/airbnb/lottie-spm.git";
			requirement = {
				kind = upToNextMajorVersion;
				minimumVersion = 4.5.1;
			};
		};
		776BB5B12DCCAD5100C4B228 /* XCRemoteSwiftPackageReference "firebase-ios-sdk" */ = {
			isa = XCRemoteSwiftPackageReference;
			repositoryURL = "https://github.com/firebase/firebase-ios-sdk";
			requirement = {
				kind = upToNextMajorVersion;
				minimumVersion = 11.12.0;
			};
		};
		776BB5C52DCCB05300C4B228 /* XCRemoteSwiftPackageReference "GRDB" */ = {
			isa = XCRemoteSwiftPackageReference;
			repositoryURL = "https://github.com/groue/GRDB.swift";
			requirement = {
				kind = exactVersion;
				version = 7.3.0;
			};
		};
/* End XCRemoteSwiftPackageReference section */

/* Begin XCSwiftPackageProductDependency section */
		772E17FC2DFD7426008D8DF1 /* Swinject */ = {
			isa = XCSwiftPackageProductDependency;
			package = 772E17FB2DFD7426008D8DF1 /* XCRemoteSwiftPackageReference "Swinject" */;
			productName = Swinject;
		};
		776BB5AA2DCCAB8300C4B228 /* Lottie */ = {
			isa = XCSwiftPackageProductDependency;
			package = 776BB5A92DCCAB8300C4B228 /* XCRemoteSwiftPackageReference "lottie-spm" */;
			productName = Lottie;
		};
		776BB5B22DCCAD5100C4B228 /* FirebaseAnalytics */ = {
			isa = XCSwiftPackageProductDependency;
			package = 776BB5B12DCCAD5100C4B228 /* XCRemoteSwiftPackageReference "firebase-ios-sdk" */;
			productName = FirebaseAnalytics;
		};
		776BB5B42DCCAD5100C4B228 /* FirebaseAuth */ = {
			isa = XCSwiftPackageProductDependency;
			package = 776BB5B12DCCAD5100C4B228 /* XCRemoteSwiftPackageReference "firebase-ios-sdk" */;
			productName = FirebaseAuth;
		};
		776BB5B62DCCAD5100C4B228 /* FirebaseCore */ = {
			isa = XCSwiftPackageProductDependency;
			package = 776BB5B12DCCAD5100C4B228 /* XCRemoteSwiftPackageReference "firebase-ios-sdk" */;
			productName = FirebaseCore;
		};
		776BB5B82DCCAD5100C4B228 /* FirebaseCrashlytics */ = {
			isa = XCSwiftPackageProductDependency;
			package = 776BB5B12DCCAD5100C4B228 /* XCRemoteSwiftPackageReference "firebase-ios-sdk" */;
			productName = FirebaseCrashlytics;
		};
		776BB5BA2DCCAD5100C4B228 /* FirebaseMessaging */ = {
			isa = XCSwiftPackageProductDependency;
			package = 776BB5B12DCCAD5100C4B228 /* XCRemoteSwiftPackageReference "firebase-ios-sdk" */;
			productName = FirebaseMessaging;
		};
		776BB5BC2DCCAD5100C4B228 /* FirebaseRemoteConfig */ = {
			isa = XCSwiftPackageProductDependency;
			package = 776BB5B12DCCAD5100C4B228 /* XCRemoteSwiftPackageReference "firebase-ios-sdk" */;
			productName = FirebaseRemoteConfig;
		};
		776BB5C62DCCB05300C4B228 /* GRDB */ = {
			isa = XCSwiftPackageProductDependency;
			package = 776BB5C52DCCB05300C4B228 /* XCRemoteSwiftPackageReference "GRDB" */;
			productName = GRDB;
		};
		779EB2EE2DCB7AFD0005E03F /* ConCurrencyCore */ = {
			isa = XCSwiftPackageProductDependency;
			productName = ConCurrencyCore;
		};
/* End XCSwiftPackageProductDependency section */
	};
	rootObject = 779EB29C2DCB72A40005E03F /* Project object */;
}
